<?xml version="1.0" encoding="utf-8"?>
<Project ToolsVersion="4.0" xmlns="http://schemas.microsoft.com/developer/msbuild/2003">
  <ItemGroup>
    <Filter Include="Source Files">
      <UniqueIdentifier>{4FC737F1-C7A5-4376-A066-2A32D752A2FF}</UniqueIdentifier>
      <Extensions>cpp;c;cc;cxx;def;odl;idl;hpj;bat;asm;asmx</Extensions>
    </Filter>
    <Filter Include="Header Files">
      <UniqueIdentifier>{93995380-89BD-4b04-88EB-625FBE52EBFB}</UniqueIdentifier>
      <Extensions>h;hh;hpp;hxx;hm;inl;inc;xsd</Extensions>
    </Filter>
    <Filter Include="Map">
      <UniqueIdentifier>{9e468ed4-de3c-47da-a66f-a539e78d50f0}</UniqueIdentifier>
    </Filter>
    <Filter Include="Resource Files">
      <UniqueIdentifier>{67DA6AB6-F800-4c08-8B7A-83BB121AAD01}</UniqueIdentifier>
      <Extensions>rc;ico;cur;bmp;dlg;rc2;rct;bin;rgs;gif;jpg;jpeg;jpe;resx;tiff;tif;png;wav;mfcribbon-ms</Extensions>
    </Filter>
    <Filter Include="App">
      <UniqueIdentifier>{ec2bc23f-7f31-4107-b24a-8c613026ace3}</UniqueIdentifier>
    </Filter>
    <Filter Include="GameItems">
      <UniqueIdentifier>{767dd525-d93b-4bf9-a7bd-6e24ffa26dfa}</UniqueIdentifier>
    </Filter>
    <Filter Include="Characters">
      <UniqueIdentifier>{0e937813-7b7b-414e-9089-3bc7f86b90c3}</UniqueIdentifier>
    </Filter>
    <Filter Include="Menus">
      <UniqueIdentifier>{6cdd62bc-485b-47f7-bf76-55d694b40699}</UniqueIdentifier>
    </Filter>
    <Filter Include="Utility">
      <UniqueIdentifier>{418837ec-f564-482b-bb4e-e5ec7cbe5709}</UniqueIdentifier>
    </Filter>
    <Filter Include="Handlers">
      <UniqueIdentifier>{44b87002-4a2e-4c1e-a9de-01344f58c5cf}</UniqueIdentifier>
    </Filter>
  </ItemGroup>
  <ItemGroup>
    <ClInclude Include="stdafx.h">
      <Filter>Header Files</Filter>
    </ClInclude>
    <ClInclude Include="targetver.h">
      <Filter>Header Files</Filter>
    </ClInclude>
    <ClInclude Include="Music.hpp">
      <Filter>Header Files</Filter>
    </ClInclude>
    <ClInclude Include="Weapon.hpp">
      <Filter>GameItems</Filter>
    </ClInclude>
    <ClInclude Include="Equipment.hpp">
      <Filter>GameItems</Filter>
    </ClInclude>
    <ClInclude Include="Valuable.hpp">
      <Filter>GameItems</Filter>
    </ClInclude>
    <ClInclude Include="Stats.hpp">
      <Filter>Header Files</Filter>
    </ClInclude>
    <ClInclude Include="StatsInterface.hpp">
      <Filter>Header Files</Filter>
    </ClInclude>
    <ClInclude Include="ItemInfoPopup.hpp">
      <Filter>Menus</Filter>
    </ClInclude>
    <ClInclude Include="Button.hpp">
      <Filter>Handlers</Filter>
    </ClInclude>
    <ClInclude Include="ButtonHandler.hpp">
      <Filter>Handlers</Filter>
    </ClInclude>
    <ClInclude Include="KeyHandler.hpp">
      <Filter>Handlers</Filter>
    </ClInclude>
    <ClInclude Include="ObjectLayer.hpp">
      <Filter>Map</Filter>
    </ClInclude>
    <ClInclude Include="Map.hpp">
      <Filter>Map</Filter>
    </ClInclude>
    <ClInclude Include="GameObject.hpp">
      <Filter>Map</Filter>
    </ClInclude>
    <ClInclude Include="Game.hpp">
      <Filter>Header Files</Filter>
    </ClInclude>
    <ClInclude Include="GameItem.hpp">
      <Filter>GameItems</Filter>
    </ClInclude>
    <ClInclude Include="Player.hpp">
      <Filter>Characters</Filter>
    </ClInclude>
    <ClInclude Include="UI.hpp">
      <Filter>App</Filter>
    </ClInclude>
    <ClInclude Include="App.hpp">
      <Filter>App</Filter>
    </ClInclude>
    <ClInclude Include="InventoryUI.hpp">
      <Filter>Menus</Filter>
    </ClInclude>
    <ClInclude Include="Menu.hpp">
      <Filter>Menus</Filter>
    </ClInclude>
    <ClInclude Include="TileLayer.hpp">
      <Filter>Map</Filter>
    </ClInclude>
    <ClInclude Include="Layer.hpp">
      <Filter>Map</Filter>
    </ClInclude>
    <ClInclude Include="Inventory.hpp">
      <Filter>Header Files</Filter>
    </ClInclude>
    <ClInclude Include="SfUtility.hpp">
      <Filter>Utility</Filter>
    </ClInclude>
    <ClInclude Include="GamePopupMenu.hpp">
      <Filter>Menus</Filter>
    </ClInclude>
    <ClInclude Include="PopupMenu.hpp">
      <Filter>Menus</Filter>
    </ClInclude>
    <ClInclude Include="MainMenu.hpp">
      <Filter>Menus</Filter>
    </ClInclude>
    <ClInclude Include="IntersectionHandler.hpp">
      <Filter>Handlers</Filter>
    </ClInclude>
    <ClInclude Include="MapProperties.hpp">
      <Filter>Map</Filter>
    </ClInclude>
    <ClInclude Include="ObjectSprite.hpp">
      <Filter>Map</Filter>
    </ClInclude>
    <ClInclude Include="DialogInterface.hpp">
      <Filter>Menus</Filter>
    </ClInclude>
    <ClInclude Include="TileSet.hpp">
      <Filter>Map</Filter>
    </ClInclude>
    <ClInclude Include="Entity.hpp">
      <Filter>Characters</Filter>
    </ClInclude>
    <ClInclude Include="ObjectFactory.hpp">
      <Filter>Map</Filter>
    </ClInclude>
    <ClInclude Include="StateHandler.hpp">
      <Filter>App</Filter>
    </ClInclude>
    <ClInclude Include="ResourceHandler.hpp">
      <Filter>App</Filter>
    </ClInclude>
    <ClInclude Include="Enemy.hpp">
      <Filter>Characters</Filter>
    </ClInclude>
  </ItemGroup>
  <ItemGroup>
    <ClCompile Include="stdafx.cpp">
      <Filter>Source Files</Filter>
    </ClCompile>
    <ClCompile Include="TileLayer.cpp">
      <Filter>Map</Filter>
    </ClCompile>
    <ClCompile Include="ObjectSprite.cpp">
      <Filter>Map</Filter>
    </ClCompile>
    <ClCompile Include="ObjectLayer.cpp">
      <Filter>Map</Filter>
    </ClCompile>
    <ClCompile Include="App.cpp">
      <Filter>App</Filter>
    </ClCompile>
    <ClCompile Include="UI.cpp">
      <Filter>App</Filter>
    </ClCompile>
    <ClCompile Include="SFML-game.cpp">
      <Filter>App</Filter>
    </ClCompile>
    <ClCompile Include="GameObject.cpp">
      <Filter>Map</Filter>
    </ClCompile>
    <ClCompile Include="Layer.cpp">
      <Filter>Map</Filter>
    </ClCompile>
    <ClCompile Include="MapProperties.cpp">
      <Filter>Map</Filter>
    </ClCompile>
    <ClCompile Include="Inventory.cpp">
      <Filter>Source Files</Filter>
    </ClCompile>
    <ClCompile Include="Game.cpp">
      <Filter>Source Files</Filter>
    </ClCompile>
    <ClCompile Include="Music.cpp">
      <Filter>Source Files</Filter>
    </ClCompile>
    <ClCompile Include="Valuable.cpp">
      <Filter>GameItems</Filter>
    </ClCompile>
    <ClCompile Include="Weapon.cpp">
      <Filter>GameItems</Filter>
    </ClCompile>
    <ClCompile Include="Equipment.cpp">
      <Filter>GameItems</Filter>
    </ClCompile>
    <ClCompile Include="GameItem.cpp">
      <Filter>GameItems</Filter>
    </ClCompile>
    <ClCompile Include="GamePopupMenu.cpp">
      <Filter>Menus</Filter>
    </ClCompile>
    <ClCompile Include="Menu.cpp">
      <Filter>Menus</Filter>
    </ClCompile>
    <ClCompile Include="PopupMenu.cpp">
      <Filter>Menus</Filter>
    </ClCompile>
    <ClCompile Include="InventoryUI.cpp">
      <Filter>Menus</Filter>
    </ClCompile>
    <ClCompile Include="DialogInterface.cpp">
      <Filter>Menus</Filter>
    </ClCompile>
    <ClCompile Include="Player.cpp">
      <Filter>Characters</Filter>
    </ClCompile>
    <ClCompile Include="MainMenu.cpp">
      <Filter>Menus</Filter>
    </ClCompile>
    <ClCompile Include="IntersectionHandler.cpp">
      <Filter>Handlers</Filter>
    </ClCompile>
    <ClCompile Include="Stats.cpp">
      <Filter>Source Files</Filter>
    </ClCompile>
    <ClCompile Include="StatsInterface.cpp">
      <Filter>Source Files</Filter>
    </ClCompile>
    <ClCompile Include="libs\json\jsoncpp.cpp">
      <Filter>Utility</Filter>
    </ClCompile>
    <ClCompile Include="ItemInfoPopup.cpp">
      <Filter>Menus</Filter>
    </ClCompile>
    <ClCompile Include="Button.cpp">
      <Filter>Handlers</Filter>
    </ClCompile>
    <ClCompile Include="ButtonHandler.cpp">
      <Filter>Handlers</Filter>
    </ClCompile>
    <ClCompile Include="KeyHandler.cpp">
      <Filter>Handlers</Filter>
    </ClCompile>
    <ClCompile Include="Map.cpp">
      <Filter>Map</Filter>
    </ClCompile>
    <ClCompile Include="SfUtility.cpp">
      <Filter>Utility</Filter>
    </ClCompile>
    <ClCompile Include="TileSet.cpp">
      <Filter>Map</Filter>
    </ClCompile>
    <ClCompile Include="libs\SFML\Collision.cpp">
      <Filter>Source Files</Filter>
    </ClCompile>
    <ClCompile Include="Entity.cpp">
      <Filter>Characters</Filter>
    </ClCompile>
    <ClCompile Include="ResourceHandler.cpp">
      <Filter>App</Filter>
    </ClCompile>
    <ClCompile Include="StateHandler.cpp">
      <Filter>App</Filter>
    </ClCompile>
    <ClCompile Include="Enemy.cpp">
      <Filter>Characters</Filter>
    </ClCompile>
  </ItemGroup>
</Project>